
Microsoft Visual Studio Solution File, Format Version 12.00
# Visual Studio 14
VisualStudioVersion = 14.0.23107.0
MinimumVisualStudioVersion = 10.0.40219.1
Project("{FAE04EC0-301F-11D3-BF4B-00C04F79EFBC}") = "ElRenderer", "ElRenderer\ElRenderer.csproj", "{A1FBC0A7-55EE-4A0C-AE66-B69E7D17955F}"
EndProject
Project("{FAE04EC0-301F-11D3-BF4B-00C04F79EFBC}") = "MathTests", "MathTests\MathTests.csproj", "{B7DD42B2-6D9B-4275-AA70-C6C25F31747D}"
EndProject
Global
	GlobalSection(SolutionConfigurationPlatforms) = preSolution
		Debug|Any CPU = Debug|Any CPU
		Release|Any CPU = Release|Any CPU
	EndGlobalSection
	GlobalSection(ProjectConfigurationPlatforms) = postSolution
		{A1FBC0A7-55EE-4A0C-AE66-B69E7D17955F}.Debug|Any CPU.ActiveCfg = Debug|Any CPU
		{A1FBC0A7-55EE-4A0C-AE66-B69E7D17955F}.Debug|Any CPU.Build.0 = Debug|Any CPU
		{A1FBC0A7-55EE-4A0C-AE66-B69E7D17955F}.Release|Any CPU.ActiveCfg = Release|Any CPU
		{A1FBC0A7-55EE-4A0C-AE66-B69E7D17955F}.Release|Any CPU.Build.0 = Release|Any CPU
		{B7DD42B2-6D9B-4275-AA70-C6C25F31747D}.Debug|Any CPU.ActiveCfg = Debug|Any CPU
		{B7DD42B2-6D9B-4275-AA70-C6C25F31747D}.Debug|Any CPU.Build.0 = Debug|Any CPU
		{B7DD42B2-6D9B-4275-AA70-C6C25F31747D}.Release|Any CPU.ActiveCfg = Release|Any CPU
		{B7DD42B2-6D9B-4275-AA70-C6C25F31747D}.Release|Any CPU.Build.0 = Release|Any CPU
	EndGlobalSection
	GlobalSection(SolutionProperties) = preSolution
		HideSolutionNode = FALSE
	EndGlobalSection
EndGlobal
